# THIS IS AN AUTOGENERATED FILE. DO NOT EDIT THIS FILE DIRECTLY.
# yarn lockfile v1


"@types/uuid@8.3.0":
  version "8.3.0"
  resolved "https://registry.yarnpkg.com/@types/uuid/-/uuid-8.3.0.tgz#215c231dff736d5ba92410e6d602050cce7e273f"
  integrity sha512-eQ9qFW/fhfGJF8WKHGEHZEyVWfZxrT+6CLIJGBcZPfxUh/+BnEj+UCGYMlr9qZuX/2AltsvwrGqp0LhEW8D0zQ==

uuid@8.3.2:
  version "8.3.2"
  resolved "https://registry.yarnpkg.com/uuid/-/uuid-8.3.2.tgz#80d5b5ced271bb9af6c445f21a1a04c606cefbe2"
  integrity sha512-+NYs2QeMWy+GWFOEm9xnn6HCDp0l7QBD7ml8zLUmJ+93Q5NF0NocErnwkTkXVFNiX3/fpC6afS8Dhb/gz7R7eg==

uuidv4@^6.2.8:
  version "6.2.8"
  resolved "https://registry.yarnpkg.com/uuidv4/-/uuidv4-6.2.8.tgz#630d0f89771ff2fbae23e85f30c918c1e85f2fc8"
  integrity sha512-GX4W6FXHa3N4p8FQGrus/snwYr8zYpbiXL5rJk92jogj3cn93F02VnTHZd6MOW83CYNSMLmCvLuWy9qEB5EABw==
  dependencies:
    "@types/uuid" "8.3.0"
    uuid "8.3.2"
